
Microsoft Visual Studio Solution File, Format Version 12.00
# Visual Studio 15
VisualStudioVersion = 15.0.28010.2046
MinimumVisualStudioVersion = 10.0.40219.1
Project("{FAE04EC0-301F-11D3-BF4B-00C04F79EFBC}") = "ManagementOfUsers", "ManagementOfUsers\ManagementOfUsers.csproj", "{256468F5-FE6B-42F3-8820-6236F5F3462A}"
EndProject
Global
	GlobalSection(SolutionConfigurationPlatforms) = preSolution
		Debug|Any CPU = Debug|Any CPU
		Release|Any CPU = Release|Any CPU
	EndGlobalSection
	GlobalSection(ProjectConfigurationPlatforms) = postSolution
		{256468F5-FE6B-42F3-8820-6236F5F3462A}.Debug|Any CPU.ActiveCfg = Debug|Any CPU
		{256468F5-FE6B-42F3-8820-6236F5F3462A}.Debug|Any CPU.Build.0 = Debug|Any CPU
		{256468F5-FE6B-42F3-8820-6236F5F3462A}.Release|Any CPU.ActiveCfg = Release|Any CPU
		{256468F5-FE6B-42F3-8820-6236F5F3462A}.Release|Any CPU.Build.0 = Release|Any CPU
	EndGlobalSection
	GlobalSection(SolutionProperties) = preSolution
		HideSolutionNode = FALSE
	EndGlobalSection
	GlobalSection(ExtensibilityGlobals) = postSolution
		SolutionGuid = {62D33009-FA72-4C17-904F-D23E20B9A05C}
	EndGlobalSection
EndGlobal
